
Microsoft Visual Studio Solution File, Format Version 12.00
# Visual Studio 15
VisualStudioVersion = 15.0.28010.2016
MinimumVisualStudioVersion = 10.0.40219.1
Project("{FAE04EC0-301F-11D3-BF4B-00C04F79EFBC}") = "OfficialWebApp.Web", "OfficialWebApp\OfficialWebApp.Web.csproj", "{8A37A082-323B-4E2B-A535-4A1527310011}"
EndProject
Project("{FAE04EC0-301F-11D3-BF4B-00C04F79EFBC}") = "OfficialWebApp.Shared", "OfficialWebApp.Shared\OfficialWebApp.Shared.csproj", "{91C04B48-9124-4C1D-9CA0-3E124249A96D}"
EndProject
Project("{FAE04EC0-301F-11D3-BF4B-00C04F79EFBC}") = "OfficialWebApp.Domain", "OfficialWebApp.Domain\OfficialWebApp.Domain.csproj", "{A8A82ED3-01C4-4930-8F34-4B10767A80B6}"
EndProject
Global
	GlobalSection(SolutionConfigurationPlatforms) = preSolution
		Debug|Any CPU = Debug|Any CPU
		Release|Any CPU = Release|Any CPU
	EndGlobalSection
	GlobalSection(ProjectConfigurationPlatforms) = postSolution
		{8A37A082-323B-4E2B-A535-4A1527310011}.Debug|Any CPU.ActiveCfg = Debug|Any CPU
		{8A37A082-323B-4E2B-A535-4A1527310011}.Debug|Any CPU.Build.0 = Debug|Any CPU
		{8A37A082-323B-4E2B-A535-4A1527310011}.Release|Any CPU.ActiveCfg = Release|Any CPU
		{8A37A082-323B-4E2B-A535-4A1527310011}.Release|Any CPU.Build.0 = Release|Any CPU
		{91C04B48-9124-4C1D-9CA0-3E124249A96D}.Debug|Any CPU.ActiveCfg = Debug|Any CPU
		{91C04B48-9124-4C1D-9CA0-3E124249A96D}.Debug|Any CPU.Build.0 = Debug|Any CPU
		{91C04B48-9124-4C1D-9CA0-3E124249A96D}.Release|Any CPU.ActiveCfg = Release|Any CPU
		{91C04B48-9124-4C1D-9CA0-3E124249A96D}.Release|Any CPU.Build.0 = Release|Any CPU
		{A8A82ED3-01C4-4930-8F34-4B10767A80B6}.Debug|Any CPU.ActiveCfg = Debug|Any CPU
		{A8A82ED3-01C4-4930-8F34-4B10767A80B6}.Debug|Any CPU.Build.0 = Debug|Any CPU
		{A8A82ED3-01C4-4930-8F34-4B10767A80B6}.Release|Any CPU.ActiveCfg = Release|Any CPU
		{A8A82ED3-01C4-4930-8F34-4B10767A80B6}.Release|Any CPU.Build.0 = Release|Any CPU
	EndGlobalSection
	GlobalSection(SolutionProperties) = preSolution
		HideSolutionNode = FALSE
	EndGlobalSection
	GlobalSection(ExtensibilityGlobals) = postSolution
		SolutionGuid = {16C3AE7A-282C-4142-A96A-A03A0ED6AC56}
	EndGlobalSection
EndGlobal
